
Microsoft Visual Studio Solution File, Format Version 12.00
# Visual Studio Version 16
VisualStudioVersion = 16.0.29613.14
MinimumVisualStudioVersion = 15.0.26124.0
Project("{9A19103F-16F7-4668-BE54-9A1E7A4F7556}") = "PdfToPdfA1b", "PdfToPdfA1b\PdfToPdfA1b.csproj", "{0D5BC743-299B-425E-B858-9158DD35F4E9}"
EndProject
Project("{9A19103F-16F7-4668-BE54-9A1E7A4F7556}") = "PdfToPdfA1bTest", "PdfToPdfA1bTest\PdfToPdfA1bTest.csproj", "{2F7F72C7-B1DB-411D-80D3-0D31592E999E}"
EndProject
Project("{2150E333-8FDC-42A3-9474-1A3956D46DE8}") = "Solution Items", "Solution Items", "{A7E1BFA7-074F-43FB-92C4-08DD54A1CAEA}"
	ProjectSection(SolutionItems) = preProject
		appveyor.yml = appveyor.yml
		README.md = README.md
	EndProjectSection
EndProject
Global
	GlobalSection(SolutionConfigurationPlatforms) = preSolution
		Debug|Any CPU = Debug|Any CPU
		Debug|x64 = Debug|x64
		Debug|x86 = Debug|x86
		Release|Any CPU = Release|Any CPU
		Release|x64 = Release|x64
		Release|x86 = Release|x86
	EndGlobalSection
	GlobalSection(ProjectConfigurationPlatforms) = postSolution
		{0D5BC743-299B-425E-B858-9158DD35F4E9}.Debug|Any CPU.ActiveCfg = Debug|Any CPU
		{0D5BC743-299B-425E-B858-9158DD35F4E9}.Debug|Any CPU.Build.0 = Debug|Any CPU
		{0D5BC743-299B-425E-B858-9158DD35F4E9}.Debug|x64.ActiveCfg = Debug|Any CPU
		{0D5BC743-299B-425E-B858-9158DD35F4E9}.Debug|x64.Build.0 = Debug|Any CPU
		{0D5BC743-299B-425E-B858-9158DD35F4E9}.Debug|x86.ActiveCfg = Debug|Any CPU
		{0D5BC743-299B-425E-B858-9158DD35F4E9}.Debug|x86.Build.0 = Debug|Any CPU
		{0D5BC743-299B-425E-B858-9158DD35F4E9}.Release|Any CPU.ActiveCfg = Release|Any CPU
		{0D5BC743-299B-425E-B858-9158DD35F4E9}.Release|Any CPU.Build.0 = Release|Any CPU
		{0D5BC743-299B-425E-B858-9158DD35F4E9}.Release|x64.ActiveCfg = Release|Any CPU
		{0D5BC743-299B-425E-B858-9158DD35F4E9}.Release|x64.Build.0 = Release|Any CPU
		{0D5BC743-299B-425E-B858-9158DD35F4E9}.Release|x86.ActiveCfg = Release|Any CPU
		{0D5BC743-299B-425E-B858-9158DD35F4E9}.Release|x86.Build.0 = Release|Any CPU
		{2F7F72C7-B1DB-411D-80D3-0D31592E999E}.Debug|Any CPU.ActiveCfg = Debug|Any CPU
		{2F7F72C7-B1DB-411D-80D3-0D31592E999E}.Debug|Any CPU.Build.0 = Debug|Any CPU
		{2F7F72C7-B1DB-411D-80D3-0D31592E999E}.Debug|x64.ActiveCfg = Debug|Any CPU
		{2F7F72C7-B1DB-411D-80D3-0D31592E999E}.Debug|x64.Build.0 = Debug|Any CPU
		{2F7F72C7-B1DB-411D-80D3-0D31592E999E}.Debug|x86.ActiveCfg = Debug|Any CPU
		{2F7F72C7-B1DB-411D-80D3-0D31592E999E}.Debug|x86.Build.0 = Debug|Any CPU
		{2F7F72C7-B1DB-411D-80D3-0D31592E999E}.Release|Any CPU.ActiveCfg = Release|Any CPU
		{2F7F72C7-B1DB-411D-80D3-0D31592E999E}.Release|Any CPU.Build.0 = Release|Any CPU
		{2F7F72C7-B1DB-411D-80D3-0D31592E999E}.Release|x64.ActiveCfg = Release|Any CPU
		{2F7F72C7-B1DB-411D-80D3-0D31592E999E}.Release|x64.Build.0 = Release|Any CPU
		{2F7F72C7-B1DB-411D-80D3-0D31592E999E}.Release|x86.ActiveCfg = Release|Any CPU
		{2F7F72C7-B1DB-411D-80D3-0D31592E999E}.Release|x86.Build.0 = Release|Any CPU
	EndGlobalSection
	GlobalSection(SolutionProperties) = preSolution
		HideSolutionNode = FALSE
	EndGlobalSection
	GlobalSection(ExtensibilityGlobals) = postSolution
		SolutionGuid = {621256C0-7FEA-4A11-B29B-2064FAA1F59D}
	EndGlobalSection
EndGlobal
